
Microsoft Visual Studio Solution File, Format Version 12.00
# Visual Studio 15
VisualStudioVersion = 15.0.28307.1259
MinimumVisualStudioVersion = 10.0.40219.1
Project("{FAE04EC0-301F-11D3-BF4B-00C04F79EFBC}") = "SDRSharp.SCATuner", "SDRSharp.SCATuner\SDRSharp.SCATuner.csproj", "{53AE178F-4C1D-4B97-95A1-6191815E1A2A}"
EndProject
Global
	GlobalSection(SolutionConfigurationPlatforms) = preSolution
		Debug|Any CPU = Debug|Any CPU
		Release|Any CPU = Release|Any CPU
	EndGlobalSection
	GlobalSection(ProjectConfigurationPlatforms) = postSolution
		{53AE178F-4C1D-4B97-95A1-6191815E1A2A}.Debug|Any CPU.ActiveCfg = Debug|Any CPU
		{53AE178F-4C1D-4B97-95A1-6191815E1A2A}.Debug|Any CPU.Build.0 = Debug|Any CPU
		{53AE178F-4C1D-4B97-95A1-6191815E1A2A}.Release|Any CPU.ActiveCfg = Release|Any CPU
		{53AE178F-4C1D-4B97-95A1-6191815E1A2A}.Release|Any CPU.Build.0 = Release|Any CPU
	EndGlobalSection
	GlobalSection(SolutionProperties) = preSolution
		HideSolutionNode = FALSE
	EndGlobalSection
	GlobalSection(ExtensibilityGlobals) = postSolution
		SolutionGuid = {1D11254A-D008-43D4-BA90-526735DEA435}
	EndGlobalSection
EndGlobal
